<Solution>
  <Folder Name="/Solution Items/">
    <File Path=".editorconfig" />
    <File Path="Analyzers.ruleset" />
    <File Path="Directory.Build.props" />
    <File Path="Directory.Build.targets" />
  </Folder>
  <Project Path="AzureFunctionsExtension\AzureFunctionsExtension.csproj" />
  <Project Path="AzureFunctionsExtension.Generator\AzureFunctionsExtension.Generator.csproj" />
  <Project Path="AzureFunctionsExtension.Example\AzureFunctionsExtension.Example.csproj" />
  <Project Path="AzureFunctionsExtension.Tests\AzureFunctionsExtension.Tests.csproj" />
</Solution>
