<Solution>
  <Folder Name="/Example/">
    <Project Path="AzureFunctionsExtension.Example.Tests\AzureFunctionsExtension.Example.Tests.csproj" />
    <Project Path="AzureFunctionsExtension.Example\AzureFunctionsExtension.Example.csproj" DefaultStartup="true" />
  </Folder>
  <Folder Name="/Library/">
    <Project Path="AzureFunctionsExtension.Generator\AzureFunctionsExtension.Generator.csproj" />
    <Project Path="AzureFunctionsExtension\AzureFunctionsExtension.csproj" />
  </Folder>
  <Folder Name="/Solution Items/">
    <File Path=".editorconfig" />
    <File Path=".gitattributes" />
    <File Path=".gitignore" />
    <File Path="AGENTS.md" />
    <File Path="Analyzers.ruleset" />
    <File Path="AzureFunctionsExtension.props" />
    <File Path="AzureFunctionsExtension.sln.DotSettings" />
    <File Path="CLAUDE.md" />
    <File Path="CodeCoverage.runsettings" />
    <File Path="Directory.Build.props" />
    <File Path="Directory.Build.targets" />
    <File Path="LICENSE" />
    <File Path="README.md" />
  </Folder>
  <Folder Name="/Tests/">
    <Project Path="AzureFunctionsExtension.Tests\AzureFunctionsExtension.Tests.csproj" />
  </Folder>
</Solution>
